
Microsoft Visual Studio Solution File, Format Version 12.00
# Visual Studio Version 17
VisualStudioVersion = 17.4.33213.308
MinimumVisualStudioVersion = 10.0.40219.1
Project("{2150E333-8FDC-42A3-9474-1A3956D46DE8}") = "Frontend", "Frontend", "{250AB94B-15DA-4BC0-BEBB-364823D6F3A0}"
EndProject
Project("{9A19103F-16F7-4668-BE54-9A1E7A4F7556}") = "Mango.Web", "Mango.Web\Mango.Web.csproj", "{86900B87-EE60-4717-8EE9-E70CF8DCE5EF}"
EndProject
Project("{2150E333-8FDC-42A3-9474-1A3956D46DE8}") = "Services", "Services", "{F6EB1E83-89DB-49F1-B9ED-1ADBD064D856}"
EndProject
Project("{9A19103F-16F7-4668-BE54-9A1E7A4F7556}") = "Mango.Services.ProductAPI", "Mango.Services.ProductAPI\Mango.Services.ProductAPI.csproj", "{FA94DBD5-28B4-4E3E-8C59-DD1931BAA3DF}"
EndProject
Global
	GlobalSection(SolutionConfigurationPlatforms) = preSolution
		Debug|Any CPU = Debug|Any CPU
		Release|Any CPU = Release|Any CPU
	EndGlobalSection
	GlobalSection(ProjectConfigurationPlatforms) = postSolution
		{86900B87-EE60-4717-8EE9-E70CF8DCE5EF}.Debug|Any CPU.ActiveCfg = Debug|Any CPU
		{86900B87-EE60-4717-8EE9-E70CF8DCE5EF}.Debug|Any CPU.Build.0 = Debug|Any CPU
		{86900B87-EE60-4717-8EE9-E70CF8DCE5EF}.Release|Any CPU.ActiveCfg = Release|Any CPU
		{86900B87-EE60-4717-8EE9-E70CF8DCE5EF}.Release|Any CPU.Build.0 = Release|Any CPU
		{FA94DBD5-28B4-4E3E-8C59-DD1931BAA3DF}.Debug|Any CPU.ActiveCfg = Debug|Any CPU
		{FA94DBD5-28B4-4E3E-8C59-DD1931BAA3DF}.Debug|Any CPU.Build.0 = Debug|Any CPU
		{FA94DBD5-28B4-4E3E-8C59-DD1931BAA3DF}.Release|Any CPU.ActiveCfg = Release|Any CPU
		{FA94DBD5-28B4-4E3E-8C59-DD1931BAA3DF}.Release|Any CPU.Build.0 = Release|Any CPU
	EndGlobalSection
	GlobalSection(SolutionProperties) = preSolution
		HideSolutionNode = FALSE
	EndGlobalSection
	GlobalSection(NestedProjects) = preSolution
		{86900B87-EE60-4717-8EE9-E70CF8DCE5EF} = {250AB94B-15DA-4BC0-BEBB-364823D6F3A0}
		{FA94DBD5-28B4-4E3E-8C59-DD1931BAA3DF} = {F6EB1E83-89DB-49F1-B9ED-1ADBD064D856}
	EndGlobalSection
	GlobalSection(ExtensibilityGlobals) = postSolution
		SolutionGuid = {87FAB0F5-768A-440B-AF6C-636FE3939B13}
	EndGlobalSection
EndGlobal
